// !$*UTF8*$!
{
	archiveVersion = 1;
	classes = {
	};
	objectVersion = 46;
	objects = {

/* Begin PBXBuildFile section */
		38FD5BA31B690668005BCF0E /* AppDelegate.swift in Sources */ = {isa = PBXBuildFile; fileRef = 38FD5BA21B690668005BCF0E /* AppDelegate.swift */; };
		38FD5BAA1B690668005BCF0E /* Images.xcassets in Resources */ = {isa = PBXBuildFile; fileRef = 38FD5BA91B690668005BCF0E /* Images.xcassets */; };
		38FD5BAD1B690668005BCF0E /* LaunchScreen.xib in Resources */ = {isa = PBXBuildFile; fileRef = 38FD5BAB1B690668005BCF0E /* LaunchScreen.xib */; };
		38FD5BB91B690668005BCF0E /* FlexCollectionViewTests.swift in Sources */ = {isa = PBXBuildFile; fileRef = 38FD5BB81B690668005BCF0E /* FlexCollectionViewTests.swift */; };
		38FD5BC51B690894005BCF0E /* FlickrPhotosViewController.swift in Sources */ = {isa = PBXBuildFile; fileRef = 38FD5BC41B690894005BCF0E /* FlickrPhotosViewController.swift */; };
		38FD5BC71B690A13005BCF0E /* FlickrSearcher.swift in Sources */ = {isa = PBXBuildFile; fileRef = 38FD5BC61B690A13005BCF0E /* FlickrSearcher.swift */; };
		38FD5BC91B690DA1005BCF0E /* FlickrPhotoCellCollectionViewCell.swift in Sources */ = {isa = PBXBuildFile; fileRef = 38FD5BC81B690DA1005BCF0E /* FlickrPhotoCellCollectionViewCell.swift */; };
/* End PBXBuildFile section */

/* Begin PBXContainerItemProxy section */
		38FD5BB31B690668005BCF0E /* PBXContainerItemProxy */ = {
			isa = PBXContainerItemProxy;
			containerPortal = 38FD5B951B690668005BCF0E /* Project object */;
			proxyType = 1;
			remoteGlobalIDString = 38FD5B9C1B690668005BCF0E;
			remoteInfo = FlexCollectionView;
		};
/* End PBXContainerItemProxy section */

/* Begin PBXFileReference section */
		38FD5B9D1B690668005BCF0E /* FlexCollectionView.app */ = {isa = PBXFileReference; explicitFileType = wrapper.application; includeInIndex = 0; path = FlexCollectionView.app; sourceTree = BUILT_PRODUCTS_DIR; };
		38FD5BA11B690668005BCF0E /* Info.plist */ = {isa = PBXFileReference; lastKnownFileType = text.plist.xml; path = Info.plist; sourceTree = "<group>"; };
		38FD5BA21B690668005BCF0E /* AppDelegate.swift */ = {isa = PBXFileReference; lastKnownFileType = sourcecode.swift; path = AppDelegate.swift; sourceTree = "<group>"; };
		38FD5BA91B690668005BCF0E /* Images.xcassets */ = {isa = PBXFileReference; lastKnownFileType = folder.assetcatalog; path = Images.xcassets; sourceTree = "<group>"; };
		38FD5BAC1B690668005BCF0E /* Base */ = {isa = PBXFileReference; lastKnownFileType = file.xib; name = Base; path = Base.lproj/LaunchScreen.xib; sourceTree = "<group>"; };
		38FD5BB21B690668005BCF0E /* FlexCollectionViewTests.xctest */ = {isa = PBXFileReference; explicitFileType = wrapper.cfbundle; includeInIndex = 0; path = FlexCollectionViewTests.xctest; sourceTree = BUILT_PRODUCTS_DIR; };
		38FD5BB71B690668005BCF0E /* Info.plist */ = {isa = PBXFileReference; lastKnownFileType = text.plist.xml; path = Info.plist; sourceTree = "<group>"; };
		38FD5BB81B690668005BCF0E /* FlexCollectionViewTests.swift */ = {isa = PBXFileReference; lastKnownFileType = sourcecode.swift; path = FlexCollectionViewTests.swift; sourceTree = "<group>"; };
		38FD5BC41B690894005BCF0E /* FlickrPhotosViewController.swift */ = {isa = PBXFileReference; fileEncoding = 4; lastKnownFileType = sourcecode.swift; path = FlickrPhotosViewController.swift; sourceTree = "<group>"; };
		38FD5BC61B690A13005BCF0E /* FlickrSearcher.swift */ = {isa = PBXFileReference; fileEncoding = 4; lastKnownFileType = sourcecode.swift; path = FlickrSearcher.swift; sourceTree = "<group>"; };
		38FD5BC81B690DA1005BCF0E /* FlickrPhotoCellCollectionViewCell.swift */ = {isa = PBXFileReference; fileEncoding = 4; lastKnownFileType = sourcecode.swift; path = FlickrPhotoCellCollectionViewCell.swift; sourceTree = "<group>"; };
/* End PBXFileReference section */

/* Begin PBXFrameworksBuildPhase section */
		38FD5B9A1B690668005BCF0E /* Frameworks */ = {
			isa = PBXFrameworksBuildPhase;
			buildActionMask = 2147483647;
			files = (
			);
			runOnlyForDeploymentPostprocessing = 0;
		};
		38FD5BAF1B690668005BCF0E /* Frameworks */ = {
			isa = PBXFrameworksBuildPhase;
			buildActionMask = 2147483647;
			files = (
			);
			runOnlyForDeploymentPostprocessing = 0;
		};
/* End PBXFrameworksBuildPhase section */

/* Begin PBXGroup section */
		38FD5B941B690668005BCF0E = {
			isa = PBXGroup;
			children = (
				38FD5B9F1B690668005BCF0E /* FlexCollectionView */,
				38FD5BB51B690668005BCF0E /* FlexCollectionViewTests */,
				38FD5B9E1B690668005BCF0E /* Products */,
			);
			sourceTree = "<group>";
		};
		38FD5B9E1B690668005BCF0E /* Products */ = {
			isa = PBXGroup;
			children = (
				38FD5B9D1B690668005BCF0E /* FlexCollectionView.app */,
				38FD5BB21B690668005BCF0E /* FlexCollectionViewTests.xctest */,
			);
			name = Products;
			sourceTree = "<group>";
		};
		38FD5B9F1B690668005BCF0E /* FlexCollectionView */ = {
			isa = PBXGroup;
			children = (
				38FD5BA21B690668005BCF0E /* AppDelegate.swift */,
				38FD5BC61B690A13005BCF0E /* FlickrSearcher.swift */,
				38FD5BC41B690894005BCF0E /* FlickrPhotosViewController.swift */,
				38FD5BC81B690DA1005BCF0E /* FlickrPhotoCellCollectionViewCell.swift */,
				38FD5BA91B690668005BCF0E /* Images.xcassets */,
				38FD5BAB1B690668005BCF0E /* LaunchScreen.xib */,
				38FD5BA01B690668005BCF0E /* Supporting Files */,
			);
			path = FlexCollectionView;
			sourceTree = "<group>";
		};
		38FD5BA01B690668005BCF0E /* Supporting Files */ = {
			isa = PBXGroup;
			children = (
				38FD5BA11B690668005BCF0E /* Info.plist */,
			);
			name = "Supporting Files";
			sourceTree = "<group>";
		};
		38FD5BB51B690668005BCF0E /* FlexCollectionViewTests */ = {
			isa = PBXGroup;
			children = (
				38FD5BB81B690668005BCF0E /* FlexCollectionViewTests.swift */,
				38FD5BB61B690668005BCF0E /* Supporting Files */,
			);
			path = FlexCollectionViewTests;
			sourceTree = "<group>";
		};
		38FD5BB61B690668005BCF0E /* Supporting Files */ = {
			isa = PBXGroup;
			children = (
				38FD5BB71B690668005BCF0E /* Info.plist */,
			);
			name = "Supporting Files";
			sourceTree = "<group>";
		};
/* End PBXGroup section */

/* Begin PBXNativeTarget section */
		38FD5B9C1B690668005BCF0E /* FlexCollectionView */ = {
			isa = PBXNativeTarget;
			buildConfigurationList = 38FD5BBC1B690668005BCF0E /* Build configuration list for PBXNativeTarget "FlexCollectionView" */;
			buildPhases = (
				38FD5B991B690668005BCF0E /* Sources */,
				38FD5B9A1B690668005BCF0E /* Frameworks */,
				38FD5B9B1B690668005BCF0E /* Resources */,
			);
			buildRules = (
			);
			dependencies = (
			);
			name = FlexCollectionView;
			productName = FlexCollectionView;
			productReference = 38FD5B9D1B690668005BCF0E /* FlexCollectionView.app */;
			productType = "com.apple.product-type.application";
		};
		38FD5BB11B690668005BCF0E /* FlexCollectionViewTests */ = {
			isa = PBXNativeTarget;
			buildConfigurationList = 38FD5BBF1B690668005BCF0E /* Build configuration list for PBXNativeTarget "FlexCollectionViewTests" */;
			buildPhases = (
				38FD5BAE1B690668005BCF0E /* Sources */,
				38FD5BAF1B690668005BCF0E /* Frameworks */,
				38FD5BB01B690668005BCF0E /* Resources */,
			);
			buildRules = (
			);
			dependencies = (
				38FD5BB41B690668005BCF0E /* PBXTargetDependency */,
			);
			name = FlexCollectionViewTests;
			productName = FlexCollectionViewTests;
			productReference = 38FD5BB21B690668005BCF0E /* FlexCollectionViewTests.xctest */;
			productType = "com.apple.product-type.bundle.unit-test";
		};
/* End PBXNativeTarget section */

/* Begin PBXProject section */
		38FD5B951B690668005BCF0E /* Project object */ = {
			isa = PBXProject;
			attributes = {
				LastUpgradeCheck = 0630;
				ORGANIZATIONNAME = "pepper square";
				TargetAttributes = {
					38FD5B9C1B690668005BCF0E = {
						CreatedOnToolsVersion = 6.3.2;
					};
					38FD5BB11B690668005BCF0E = {
						CreatedOnToolsVersion = 6.3.2;
						TestTargetID = 38FD5B9C1B690668005BCF0E;
					};
				};
			};
			buildConfigurationList = 38FD5B981B690668005BCF0E /* Build configuration list for PBXProject "FlexCollectionView" */;
			compatibilityVersion = "Xcode 3.2";
			developmentRegion = English;
			hasScannedForEncodings = 0;
			knownRegions = (
				en,
				Base,
			);
			mainGroup = 38FD5B941B690668005BCF0E;
			productRefGroup = 38FD5B9E1B690668005BCF0E /* Products */;
			projectDirPath = "";
			projectRoot = "";
			targets = (
				38FD5B9C1B690668005BCF0E /* FlexCollectionView */,
				38FD5BB11B690668005BCF0E /* FlexCollectionViewTests */,
			);
		};
/* End PBXProject section */

/* Begin PBXResourcesBuildPhase section */
		38FD5B9B1B690668005BCF0E /* Resources */ = {
			isa = PBXResourcesBuildPhase;
			buildActionMask = 2147483647;
			files = (
				38FD5BAD1B690668005BCF0E /* LaunchScreen.xib in Resources */,
				38FD5BAA1B690668005BCF0E /* Images.xcassets in Resources */,
			);
			runOnlyForDeploymentPostprocessing = 0;
		};
		38FD5BB01B690668005BCF0E /* Resources */ = {
			isa = PBXResourcesBuildPhase;
			buildActionMask = 2147483647;
			files = (
			);
			runOnlyForDeploymentPostprocessing = 0;
		};
/* End PBXResourcesBuildPhase section */

/* Begin PBXSourcesBuildPhase section */
		38FD5B991B690668005BCF0E /* Sources */ = {
			isa = PBXSourcesBuildPhase;
			buildActionMask = 2147483647;
			files = (
				38FD5BC51B690894005BCF0E /* FlickrPhotosViewController.swift in Sources */,
				38FD5BA31B690668005BCF0E /* AppDelegate.swift in Sources */,
				38FD5BC91B690DA1005BCF0E /* FlickrPhotoCellCollectionViewCell.swift in Sources */,
				38FD5BC71B690A13005BCF0E /* FlickrSearcher.swift in Sources */,
			);
			runOnlyForDeploymentPostprocessing = 0;
		};
		38FD5BAE1B690668005BCF0E /* Sources */ = {
			isa = PBXSourcesBuildPhase;
			buildActionMask = 2147483647;
			files = (
				38FD5BB91B690668005BCF0E /* FlexCollectionViewTests.swift in Sources */,
			);
			runOnlyForDeploymentPostprocessing = 0;
		};
/* End PBXSourcesBuildPhase section */

/* Begin PBXTargetDependency section */
		38FD5BB41B690668005BCF0E /* PBXTargetDependency */ = {
			isa = PBXTargetDependency;
			target = 38FD5B9C1B690668005BCF0E /* FlexCollectionView */;
			targetProxy = 38FD5BB31B690668005BCF0E /* PBXContainerItemProxy */;
		};
/* End PBXTargetDependency section */

/* Begin PBXVariantGroup section */
		38FD5BAB1B690668005BCF0E /* LaunchScreen.xib */ = {
			isa = PBXVariantGroup;
			children = (
				38FD5BAC1B690668005BCF0E /* Base */,
			);
			name = LaunchScreen.xib;
			sourceTree = "<group>";
		};
/* End PBXVariantGroup section */

/* Begin XCBuildConfiguration section */
		38FD5BBA1B690668005BCF0E /* Debug */ = {
			isa = XCBuildConfiguration;
			buildSettings = {
				ALWAYS_SEARCH_USER_PATHS = NO;
				CLANG_CXX_LANGUAGE_STANDARD = "gnu++0x";
				CLANG_CXX_LIBRARY = "libc++";
				CLANG_ENABLE_MODULES = YES;
				CLANG_ENABLE_OBJC_ARC = YES;
				CLANG_WARN_BOOL_CONVERSION = YES;
				CLANG_WARN_CONSTANT_CONVERSION = YES;
				CLANG_WARN_DIRECT_OBJC_ISA_USAGE = YES_ERROR;
				CLANG_WARN_EMPTY_BODY = YES;
				CLANG_WARN_ENUM_CONVERSION = YES;
				CLANG_WARN_INT_CONVERSION = YES;
				CLANG_WARN_OBJC_ROOT_CLASS = YES_ERROR;
				CLANG_WARN_UNREACHABLE_CODE = YES;
				CLANG_WARN__DUPLICATE_METHOD_MATCH = YES;
				"CODE_SIGN_IDENTITY[sdk=iphoneos*]" = "iPhone Developer";
				COPY_PHASE_STRIP = NO;
				DEBUG_INFORMATION_FORMAT = "dwarf-with-dsym";
				ENABLE_STRICT_OBJC_MSGSEND = YES;
				GCC_C_LANGUAGE_STANDARD = gnu99;
				GCC_DYNAMIC_NO_PIC = NO;
				GCC_NO_COMMON_BLOCKS = YES;
				GCC_OPTIMIZATION_LEVEL = 0;
				GCC_PREPROCESSOR_DEFINITIONS = (
					"DEBUG=1",
					"$(inherited)",
				);
				GCC_SYMBOLS_PRIVATE_EXTERN = NO;
				GCC_WARN_64_TO_32_BIT_CONVERSION = YES;
				GCC_WARN_ABOUT_RETURN_TYPE = YES_ERROR;
				GCC_WARN_UNDECLARED_SELECTOR = YES;
				GCC_WARN_UNINITIALIZED_AUTOS = YES_AGGRESSIVE;
				GCC_WARN_UNUSED_FUNCTION = YES;
				GCC_WARN_UNUSED_VARIABLE = YES;
				IPHONEOS_DEPLOYMENT_TARGET = 8.3;
				MTL_ENABLE_DEBUG_INFO = YES;
				ONLY_ACTIVE_ARCH = YES;
				SDKROOT = iphoneos;
				SWIFT_OPTIMIZATION_LEVEL = "-Onone";
				TARGETED_DEVICE_FAMILY = "1,2";
			};
			name = Debug;
		};
		38FD5BBB1B690668005BCF0E /* Release */ = {
			isa = XCBuildConfiguration;
			buildSettings = {
				ALWAYS_SEARCH_USER_PATHS = NO;
				CLANG_CXX_LANGUAGE_STANDARD = "gnu++0x";
				CLANG_CXX_LIBRARY = "libc++";
				CLANG_ENABLE_MODULES = YES;
				CLANG_ENABLE_OBJC_ARC = YES;
				CLANG_WARN_BOOL_CONVERSION = YES;
				CLANG_WARN_CONSTANT_CONVERSION = YES;
				CLANG_WARN_DIRECT_OBJC_ISA_USAGE = YES_ERROR;
				CLANG_WARN_EMPTY_BODY = YES;
				CLANG_WARN_ENUM_CONVERSION = YES;
				CLANG_WARN_INT_CONVERSION = YES;
				CLANG_WARN_OBJC_ROOT_CLASS = YES_ERROR;
				CLANG_WARN_UNREACHABLE_CODE = YES;
				CLANG_WARN__DUPLICATE_METHOD_MATCH = YES;
				"CODE_SIGN_IDENTITY[sdk=iphoneos*]" = "iPhone Developer";
				COPY_PHASE_STRIP = NO;
				DEBUG_INFORMATION_FORMAT = "dwarf-with-dsym";
				ENABLE_NS_ASSERTIONS = NO;
				ENABLE_STRICT_OBJC_MSGSEND = YES;
				GCC_C_LANGUAGE_STANDARD = gnu99;
				GCC_NO_COMMON_BLOCKS = YES;
				GCC_WARN_64_TO_32_BIT_CONVERSION = YES;
				GCC_WARN_ABOUT_RETURN_TYPE = YES_ERROR;
				GCC_WARN_UNDECLARED_SELECTOR = YES;
				GCC_WARN_UNINITIALIZED_AUTOS = YES_AGGRESSIVE;
				GCC_WARN_UNUSED_FUNCTION = YES;
				GCC_WARN_UNUSED_VARIABLE = YES;
				IPHONEOS_DEPLOYMENT_TARGET = 8.3;
				MTL_ENABLE_DEBUG_INFO = NO;
				SDKROOT = iphoneos;
				TARGETED_DEVICE_FAMILY = "1,2";
				VALIDATE_PRODUCT = YES;
			};
			name = Release;
		};
		38FD5BBD1B690668005BCF0E /* Debug */ = {
			isa = XCBuildConfiguration;
			buildSettings = {
				ASSETCATALOG_COMPILER_APPICON_NAME = AppIcon;
				INFOPLIST_FILE = FlexCollectionView/Info.plist;
				LD_RUNPATH_SEARCH_PATHS = "$(inherited) @executable_path/Frameworks";
				PRODUCT_NAME = "$(TARGET_NAME)";
			};
			name = Debug;
		};
		38FD5BBE1B690668005BCF0E /* Release */ = {
			isa = XCBuildConfiguration;
			buildSettings = {
				ASSETCATALOG_COMPILER_APPICON_NAME = AppIcon;
				INFOPLIST_FILE = FlexCollectionView/Info.plist;
				LD_RUNPATH_SEARCH_PATHS = "$(inherited) @executable_path/Frameworks";
				PRODUCT_NAME = "$(TARGET_NAME)";
			};
			name = Release;
		};
		38FD5BC01B690668005BCF0E /* Debug */ = {
			isa = XCBuildConfiguration;
			buildSettings = {
				BUNDLE_LOADER = "$(TEST_HOST)";
				FRAMEWORK_SEARCH_PATHS = (
					"$(SDKROOT)/Developer/Library/Frameworks",
					"$(inherited)",
				);
				GCC_PREPROCESSOR_DEFINITIONS = (
					"DEBUG=1",
					"$(inherited)",
				);
				INFOPLIST_FILE = FlexCollectionViewTests/Info.plist;
				LD_RUNPATH_SEARCH_PATHS = "$(inherited) @executable_path/Frameworks @loader_path/Frameworks";
				PRODUCT_NAME = "$(TARGET_NAME)";
				TEST_HOST = "$(BUILT_PRODUCTS_DIR)/FlexCollectionView.app/FlexCollectionView";
			};
			name = Debug;
		};
		38FD5BC11B690668005BCF0E /* Release */ = {
			isa = XCBuildConfiguration;
			buildSettings = {
				BUNDLE_LOADER = "$(TEST_HOST)";
				FRAMEWORK_SEARCH_PATHS = (
					"$(SDKROOT)/Developer/Library/Frameworks",
					"$(inherited)",
				);
				INFOPLIST_FILE = FlexCollectionViewTests/Info.plist;
				LD_RUNPATH_SEARCH_PATHS = "$(inherited) @executable_path/Frameworks @loader_path/Frameworks";
				PRODUCT_NAME = "$(TARGET_NAME)";
				TEST_HOST = "$(BUILT_PRODUCTS_DIR)/FlexCollectionView.app/FlexCollectionView";
			};
			name = Release;
		};
/* End XCBuildConfiguration section */

/* Begin XCConfigurationList section */
		38FD5B981B690668005BCF0E /* Build configuration list for PBXProject "FlexCollectionView" */ = {
			isa = XCConfigurationList;
			buildConfigurations = (
				38FD5BBA1B690668005BCF0E /* Debug */,
				38FD5BBB1B690668005BCF0E /* Release */,
			);
			defaultConfigurationIsVisible = 0;
			defaultConfigurationName = Release;
		};
		38FD5BBC1B690668005BCF0E /* Build configuration list for PBXNativeTarget "FlexCollectionView" */ = {
			isa = XCConfigurationList;
			buildConfigurations = (
				38FD5BBD1B690668005BCF0E /* Debug */,
				38FD5BBE1B690668005BCF0E /* Release */,
			);
			defaultConfigurationIsVisible = 0;
			defaultConfigurationName = Release;
		};
		38FD5BBF1B690668005BCF0E /* Build configuration list for PBXNativeTarget "FlexCollectionViewTests" */ = {
			isa = XCConfigurationList;
			buildConfigurations = (
				38FD5BC01B690668005BCF0E /* Debug */,
				38FD5BC11B690668005BCF0E /* Release */,
			);
			defaultConfigurationIsVisible = 0;
			defaultConfigurationName = Release;
		};
/* End XCConfigurationList section */
	};
	rootObject = 38FD5B951B690668005BCF0E /* Project object */;
}
